// !$*UTF8*$!
{
	archiveVersion = 1;
	classes = {
	};
	objectVersion = 50;
	objects = {

/* Begin PBXBuildFile section */
		983739E82674175500FC8C80 /* URLSessionHTTPClientTests.swift in Sources */ = {isa = PBXBuildFile; fileRef = 983739E72674175500FC8C80 /* URLSessionHTTPClientTests.swift */; };
		984BEFAA267AE33C005462C1 /* URLSessionHTTPClient.swift in Sources */ = {isa = PBXBuildFile; fileRef = 984BEFA9267AE33C005462C1 /* URLSessionHTTPClient.swift */; };
		985182D426603AE4005A716E /* EssentialFeed.framework in Frameworks */ = {isa = PBXBuildFile; fileRef = 985182CA26603AE3005A716E /* EssentialFeed.framework */; };
		985182D926603AE4005A716E /* EssentialFeedTests.swift in Sources */ = {isa = PBXBuildFile; fileRef = 985182D826603AE4005A716E /* EssentialFeedTests.swift */; };
		985182DB26603AE4005A716E /* EssentialFeed.h in Headers */ = {isa = PBXBuildFile; fileRef = 985182CD26603AE3005A716E /* EssentialFeed.h */; settings = {ATTRIBUTES = (Public, ); }; };
		985182E526603B0F005A716E /* FeedItem.swift in Sources */ = {isa = PBXBuildFile; fileRef = 985182E426603B0F005A716E /* FeedItem.swift */; };
		985182E726603C38005A716E /* FeedLoader.swift in Sources */ = {isa = PBXBuildFile; fileRef = 985182E626603C38005A716E /* FeedLoader.swift */; };
		985182EA2661501A005A716E /* RemoteLoaderTests.swift in Sources */ = {isa = PBXBuildFile; fileRef = 985182E92661501A005A716E /* RemoteLoaderTests.swift */; };
		98629C91266A65CC002AA0CA /* HTTPClient.swift in Sources */ = {isa = PBXBuildFile; fileRef = 98629C90266A65CC002AA0CA /* HTTPClient.swift */; };
		98629C93266A6656002AA0CA /* FeedItemsMapper.swift in Sources */ = {isa = PBXBuildFile; fileRef = 98629C92266A6656002AA0CA /* FeedItemsMapper.swift */; };
		98860E1B2662944F00DB8D41 /* RemoteFeedLoader.swift in Sources */ = {isa = PBXBuildFile; fileRef = 98860E1A2662944F00DB8D41 /* RemoteFeedLoader.swift */; };
		98ACFDA82679105A005E7E2B /* XCTestMemoryLeakTrackingHelper.swift in Sources */ = {isa = PBXBuildFile; fileRef = 98ACFDA72679105A005E7E2B /* XCTestMemoryLeakTrackingHelper.swift */; };
/* End PBXBuildFile section */

/* Begin PBXContainerItemProxy section */
		985182D526603AE4005A716E /* PBXContainerItemProxy */ = {
			isa = PBXContainerItemProxy;
			containerPortal = 985182C126603AE3005A716E /* Project object */;
			proxyType = 1;
			remoteGlobalIDString = 985182C926603AE3005A716E;
			remoteInfo = EssentialFeed;
		};
/* End PBXContainerItemProxy section */

/* Begin PBXFileReference section */
		983739E72674175500FC8C80 /* URLSessionHTTPClientTests.swift */ = {isa = PBXFileReference; lastKnownFileType = sourcecode.swift; path = URLSessionHTTPClientTests.swift; sourceTree = "<group>"; };
		984BEFA9267AE33C005462C1 /* URLSessionHTTPClient.swift */ = {isa = PBXFileReference; lastKnownFileType = sourcecode.swift; path = URLSessionHTTPClient.swift; sourceTree = "<group>"; };
		985182CA26603AE3005A716E /* EssentialFeed.framework */ = {isa = PBXFileReference; explicitFileType = wrapper.framework; includeInIndex = 0; path = EssentialFeed.framework; sourceTree = BUILT_PRODUCTS_DIR; };
		985182CD26603AE3005A716E /* EssentialFeed.h */ = {isa = PBXFileReference; lastKnownFileType = sourcecode.c.h; path = EssentialFeed.h; sourceTree = "<group>"; };
		985182CE26603AE3005A716E /* Info.plist */ = {isa = PBXFileReference; lastKnownFileType = text.plist.xml; path = Info.plist; sourceTree = "<group>"; };
		985182D326603AE4005A716E /* EssentialFeedTests.xctest */ = {isa = PBXFileReference; explicitFileType = wrapper.cfbundle; includeInIndex = 0; path = EssentialFeedTests.xctest; sourceTree = BUILT_PRODUCTS_DIR; };
		985182D826603AE4005A716E /* EssentialFeedTests.swift */ = {isa = PBXFileReference; lastKnownFileType = sourcecode.swift; path = EssentialFeedTests.swift; sourceTree = "<group>"; };
		985182DA26603AE4005A716E /* Info.plist */ = {isa = PBXFileReference; lastKnownFileType = text.plist.xml; path = Info.plist; sourceTree = "<group>"; };
		985182E426603B0F005A716E /* FeedItem.swift */ = {isa = PBXFileReference; lastKnownFileType = sourcecode.swift; path = FeedItem.swift; sourceTree = "<group>"; };
		985182E626603C38005A716E /* FeedLoader.swift */ = {isa = PBXFileReference; lastKnownFileType = sourcecode.swift; path = FeedLoader.swift; sourceTree = "<group>"; };
		985182E92661501A005A716E /* RemoteLoaderTests.swift */ = {isa = PBXFileReference; lastKnownFileType = sourcecode.swift; path = RemoteLoaderTests.swift; sourceTree = "<group>"; };
		98629C90266A65CC002AA0CA /* HTTPClient.swift */ = {isa = PBXFileReference; lastKnownFileType = sourcecode.swift; path = HTTPClient.swift; sourceTree = "<group>"; };
		98629C92266A6656002AA0CA /* FeedItemsMapper.swift */ = {isa = PBXFileReference; lastKnownFileType = sourcecode.swift; path = FeedItemsMapper.swift; sourceTree = "<group>"; };
		98860E1A2662944F00DB8D41 /* RemoteFeedLoader.swift */ = {isa = PBXFileReference; lastKnownFileType = sourcecode.swift; path = RemoteFeedLoader.swift; sourceTree = "<group>"; };
		98ACFDA72679105A005E7E2B /* XCTestMemoryLeakTrackingHelper.swift */ = {isa = PBXFileReference; lastKnownFileType = sourcecode.swift; path = XCTestMemoryLeakTrackingHelper.swift; sourceTree = "<group>"; };
/* End PBXFileReference section */

/* Begin PBXFrameworksBuildPhase section */
		985182C726603AE3005A716E /* Frameworks */ = {
			isa = PBXFrameworksBuildPhase;
			buildActionMask = 2147483647;
			files = (
			);
			runOnlyForDeploymentPostprocessing = 0;
		};
		985182D026603AE4005A716E /* Frameworks */ = {
			isa = PBXFrameworksBuildPhase;
			buildActionMask = 2147483647;
			files = (
				985182D426603AE4005A716E /* EssentialFeed.framework in Frameworks */,
			);
			runOnlyForDeploymentPostprocessing = 0;
		};
/* End PBXFrameworksBuildPhase section */

/* Begin PBXGroup section */
		985182C026603AE3005A716E = {
			isa = PBXGroup;
			children = (
				985182CC26603AE3005A716E /* EssentialFeed */,
				985182D726603AE4005A716E /* EssentialFeedTests */,
				985182CB26603AE3005A716E /* Products */,
			);
			sourceTree = "<group>";
		};
		985182CB26603AE3005A716E /* Products */ = {
			isa = PBXGroup;
			children = (
				985182CA26603AE3005A716E /* EssentialFeed.framework */,
				985182D326603AE4005A716E /* EssentialFeedTests.xctest */,
			);
			name = Products;
			sourceTree = "<group>";
		};
		985182CC26603AE3005A716E /* EssentialFeed */ = {
			isa = PBXGroup;
			children = (
				98860E192662943900DB8D41 /* Feed API */,
				985182CD26603AE3005A716E /* EssentialFeed.h */,
				985182CE26603AE3005A716E /* Info.plist */,
				985182E826603D32005A716E /* FeedFeature */,
			);
			path = EssentialFeed;
			sourceTree = "<group>";
		};
		985182D726603AE4005A716E /* EssentialFeedTests */ = {
			isa = PBXGroup;
			children = (
				985182D826603AE4005A716E /* EssentialFeedTests.swift */,
				985182DA26603AE4005A716E /* Info.plist */,
				98629C94266A85B5002AA0CA /* Feed API */,
			);
			path = EssentialFeedTests;
			sourceTree = "<group>";
		};
		985182E826603D32005A716E /* FeedFeature */ = {
			isa = PBXGroup;
			children = (
				985182E426603B0F005A716E /* FeedItem.swift */,
				985182E626603C38005A716E /* FeedLoader.swift */,
				98629C90266A65CC002AA0CA /* HTTPClient.swift */,
				98629C92266A6656002AA0CA /* FeedItemsMapper.swift */,
				984BEFA9267AE33C005462C1 /* URLSessionHTTPClient.swift */,
			);
			path = FeedFeature;
			sourceTree = "<group>";
		};
		98629C94266A85B5002AA0CA /* Feed API */ = {
			isa = PBXGroup;
			children = (
				985182E92661501A005A716E /* RemoteLoaderTests.swift */,
				983739E72674175500FC8C80 /* URLSessionHTTPClientTests.swift */,
				98ACFDA72679105A005E7E2B /* XCTestMemoryLeakTrackingHelper.swift */,
			);
			path = "Feed API";
			sourceTree = "<group>";
		};
		98860E192662943900DB8D41 /* Feed API */ = {
			isa = PBXGroup;
			children = (
				98860E1A2662944F00DB8D41 /* RemoteFeedLoader.swift */,
			);
			path = "Feed API";
			sourceTree = "<group>";
		};
/* End PBXGroup section */

/* Begin PBXHeadersBuildPhase section */
		985182C526603AE3005A716E /* Headers */ = {
			isa = PBXHeadersBuildPhase;
			buildActionMask = 2147483647;
			files = (
				985182DB26603AE4005A716E /* EssentialFeed.h in Headers */,
			);
			runOnlyForDeploymentPostprocessing = 0;
		};
/* End PBXHeadersBuildPhase section */

/* Begin PBXNativeTarget section */
		985182C926603AE3005A716E /* EssentialFeed */ = {
			isa = PBXNativeTarget;
			buildConfigurationList = 985182DE26603AE4005A716E /* Build configuration list for PBXNativeTarget "EssentialFeed" */;
			buildPhases = (
				985182C526603AE3005A716E /* Headers */,
				985182C626603AE3005A716E /* Sources */,
				985182C726603AE3005A716E /* Frameworks */,
				985182C826603AE3005A716E /* Resources */,
			);
			buildRules = (
			);
			dependencies = (
			);
			name = EssentialFeed;
			productName = EssentialFeed;
			productReference = 985182CA26603AE3005A716E /* EssentialFeed.framework */;
			productType = "com.apple.product-type.framework";
		};
		985182D226603AE4005A716E /* EssentialFeedTests */ = {
			isa = PBXNativeTarget;
			buildConfigurationList = 985182E126603AE4005A716E /* Build configuration list for PBXNativeTarget "EssentialFeedTests" */;
			buildPhases = (
				985182CF26603AE4005A716E /* Sources */,
				985182D026603AE4005A716E /* Frameworks */,
				985182D126603AE4005A716E /* Resources */,
			);
			buildRules = (
			);
			dependencies = (
				985182D626603AE4005A716E /* PBXTargetDependency */,
			);
			name = EssentialFeedTests;
			productName = EssentialFeedTests;
			productReference = 985182D326603AE4005A716E /* EssentialFeedTests.xctest */;
			productType = "com.apple.product-type.bundle.unit-test";
		};
/* End PBXNativeTarget section */

/* Begin PBXProject section */
		985182C126603AE3005A716E /* Project object */ = {
			isa = PBXProject;
			attributes = {
				LastSwiftUpdateCheck = 1250;
				LastUpgradeCheck = 1250;
				TargetAttributes = {
					985182C926603AE3005A716E = {
						CreatedOnToolsVersion = 12.5;
						LastSwiftMigration = 1250;
					};
					985182D226603AE4005A716E = {
						CreatedOnToolsVersion = 12.5;
					};
				};
			};
			buildConfigurationList = 985182C426603AE3005A716E /* Build configuration list for PBXProject "EssentialFeed" */;
			compatibilityVersion = "Xcode 9.3";
			developmentRegion = en;
			hasScannedForEncodings = 0;
			knownRegions = (
				en,
				Base,
			);
			mainGroup = 985182C026603AE3005A716E;
			productRefGroup = 985182CB26603AE3005A716E /* Products */;
			projectDirPath = "";
			projectRoot = "";
			targets = (
				985182C926603AE3005A716E /* EssentialFeed */,
				985182D226603AE4005A716E /* EssentialFeedTests */,
			);
		};
/* End PBXProject section */

/* Begin PBXResourcesBuildPhase section */
		985182C826603AE3005A716E /* Resources */ = {
			isa = PBXResourcesBuildPhase;
			buildActionMask = 2147483647;
			files = (
			);
			runOnlyForDeploymentPostprocessing = 0;
		};
		985182D126603AE4005A716E /* Resources */ = {
			isa = PBXResourcesBuildPhase;
			buildActionMask = 2147483647;
			files = (
			);
			runOnlyForDeploymentPostprocessing = 0;
		};
/* End PBXResourcesBuildPhase section */

/* Begin PBXSourcesBuildPhase section */
		985182C626603AE3005A716E /* Sources */ = {
			isa = PBXSourcesBuildPhase;
			buildActionMask = 2147483647;
			files = (
				98629C93266A6656002AA0CA /* FeedItemsMapper.swift in Sources */,
				985182E726603C38005A716E /* FeedLoader.swift in Sources */,
				98860E1B2662944F00DB8D41 /* RemoteFeedLoader.swift in Sources */,
				98629C91266A65CC002AA0CA /* HTTPClient.swift in Sources */,
				985182E526603B0F005A716E /* FeedItem.swift in Sources */,
				984BEFAA267AE33C005462C1 /* URLSessionHTTPClient.swift in Sources */,
			);
			runOnlyForDeploymentPostprocessing = 0;
		};
		985182CF26603AE4005A716E /* Sources */ = {
			isa = PBXSourcesBuildPhase;
			buildActionMask = 2147483647;
			files = (
				985182EA2661501A005A716E /* RemoteLoaderTests.swift in Sources */,
				983739E82674175500FC8C80 /* URLSessionHTTPClientTests.swift in Sources */,
				985182D926603AE4005A716E /* EssentialFeedTests.swift in Sources */,
				98ACFDA82679105A005E7E2B /* XCTestMemoryLeakTrackingHelper.swift in Sources */,
			);
			runOnlyForDeploymentPostprocessing = 0;
		};
/* End PBXSourcesBuildPhase section */

/* Begin PBXTargetDependency section */
		985182D626603AE4005A716E /* PBXTargetDependency */ = {
			isa = PBXTargetDependency;
			target = 985182C926603AE3005A716E /* EssentialFeed */;
			targetProxy = 985182D526603AE4005A716E /* PBXContainerItemProxy */;
		};
/* End PBXTargetDependency section */

/* Begin XCBuildConfiguration section */
		985182DC26603AE4005A716E /* Debug */ = {
			isa = XCBuildConfiguration;
			buildSettings = {
				ALWAYS_SEARCH_USER_PATHS = NO;
				CLANG_ANALYZER_NONNULL = YES;
				CLANG_ANALYZER_NUMBER_OBJECT_CONVERSION = YES_AGGRESSIVE;
				CLANG_CXX_LANGUAGE_STANDARD = "gnu++14";
				CLANG_CXX_LIBRARY = "libc++";
				CLANG_ENABLE_MODULES = YES;
				CLANG_ENABLE_OBJC_ARC = YES;
				CLANG_ENABLE_OBJC_WEAK = YES;
				CLANG_WARN_BLOCK_CAPTURE_AUTORELEASING = YES;
				CLANG_WARN_BOOL_CONVERSION = YES;
				CLANG_WARN_COMMA = YES;
				CLANG_WARN_CONSTANT_CONVERSION = YES;
				CLANG_WARN_DEPRECATED_OBJC_IMPLEMENTATIONS = YES;
				CLANG_WARN_DIRECT_OBJC_ISA_USAGE = YES_ERROR;
				CLANG_WARN_DOCUMENTATION_COMMENTS = YES;
				CLANG_WARN_EMPTY_BODY = YES;
				CLANG_WARN_ENUM_CONVERSION = YES;
				CLANG_WARN_INFINITE_RECURSION = YES;
				CLANG_WARN_INT_CONVERSION = YES;
				CLANG_WARN_NON_LITERAL_NULL_CONVERSION = YES;
				CLANG_WARN_OBJC_IMPLICIT_RETAIN_SELF = YES;
				CLANG_WARN_OBJC_LITERAL_CONVERSION = YES;
				CLANG_WARN_OBJC_ROOT_CLASS = YES_ERROR;
				CLANG_WARN_QUOTED_INCLUDE_IN_FRAMEWORK_HEADER = YES;
				CLANG_WARN_RANGE_LOOP_ANALYSIS = YES;
				CLANG_WARN_STRICT_PROTOTYPES = YES;
				CLANG_WARN_SUSPICIOUS_MOVE = YES;
				CLANG_WARN_UNGUARDED_AVAILABILITY = YES_AGGRESSIVE;
				CLANG_WARN_UNREACHABLE_CODE = YES;
				CLANG_WARN__DUPLICATE_METHOD_MATCH = YES;
				COPY_PHASE_STRIP = NO;
				CURRENT_PROJECT_VERSION = 1;
				DEBUG_INFORMATION_FORMAT = dwarf;
				ENABLE_STRICT_OBJC_MSGSEND = YES;
				ENABLE_TESTABILITY = YES;
				GCC_C_LANGUAGE_STANDARD = gnu11;
				GCC_DYNAMIC_NO_PIC = NO;
				GCC_NO_COMMON_BLOCKS = YES;
				GCC_OPTIMIZATION_LEVEL = 0;
				GCC_PREPROCESSOR_DEFINITIONS = (
					"DEBUG=1",
					"$(inherited)",
				);
				GCC_WARN_64_TO_32_BIT_CONVERSION = YES;
				GCC_WARN_ABOUT_RETURN_TYPE = YES_ERROR;
				GCC_WARN_UNDECLARED_SELECTOR = YES;
				GCC_WARN_UNINITIALIZED_AUTOS = YES_AGGRESSIVE;
				GCC_WARN_UNUSED_FUNCTION = YES;
				GCC_WARN_UNUSED_VARIABLE = YES;
				MACOSX_DEPLOYMENT_TARGET = 11.0;
				MTL_ENABLE_DEBUG_INFO = INCLUDE_SOURCE;
				MTL_FAST_MATH = YES;
				ONLY_ACTIVE_ARCH = YES;
				SDKROOT = macosx;
				SWIFT_ACTIVE_COMPILATION_CONDITIONS = DEBUG;
				SWIFT_OPTIMIZATION_LEVEL = "-Onone";
				VERSIONING_SYSTEM = "apple-generic";
				VERSION_INFO_PREFIX = "";
			};
			name = Debug;
		};
		985182DD26603AE4005A716E /* Release */ = {
			isa = XCBuildConfiguration;
			buildSettings = {
				ALWAYS_SEARCH_USER_PATHS = NO;
				CLANG_ANALYZER_NONNULL = YES;
				CLANG_ANALYZER_NUMBER_OBJECT_CONVERSION = YES_AGGRESSIVE;
				CLANG_CXX_LANGUAGE_STANDARD = "gnu++14";
				CLANG_CXX_LIBRARY = "libc++";
				CLANG_ENABLE_MODULES = YES;
				CLANG_ENABLE_OBJC_ARC = YES;
				CLANG_ENABLE_OBJC_WEAK = YES;
				CLANG_WARN_BLOCK_CAPTURE_AUTORELEASING = YES;
				CLANG_WARN_BOOL_CONVERSION = YES;
				CLANG_WARN_COMMA = YES;
				CLANG_WARN_CONSTANT_CONVERSION = YES;
				CLANG_WARN_DEPRECATED_OBJC_IMPLEMENTATIONS = YES;
				CLANG_WARN_DIRECT_OBJC_ISA_USAGE = YES_ERROR;
				CLANG_WARN_DOCUMENTATION_COMMENTS = YES;
				CLANG_WARN_EMPTY_BODY = YES;
				CLANG_WARN_ENUM_CONVERSION = YES;
				CLANG_WARN_INFINITE_RECURSION = YES;
				CLANG_WARN_INT_CONVERSION = YES;
				CLANG_WARN_NON_LITERAL_NULL_CONVERSION = YES;
				CLANG_WARN_OBJC_IMPLICIT_RETAIN_SELF = YES;
				CLANG_WARN_OBJC_LITERAL_CONVERSION = YES;
				CLANG_WARN_OBJC_ROOT_CLASS = YES_ERROR;
				CLANG_WARN_QUOTED_INCLUDE_IN_FRAMEWORK_HEADER = YES;
				CLANG_WARN_RANGE_LOOP_ANALYSIS = YES;
				CLANG_WARN_STRICT_PROTOTYPES = YES;
				CLANG_WARN_SUSPICIOUS_MOVE = YES;
				CLANG_WARN_UNGUARDED_AVAILABILITY = YES_AGGRESSIVE;
				CLANG_WARN_UNREACHABLE_CODE = YES;
				CLANG_WARN__DUPLICATE_METHOD_MATCH = YES;
				COPY_PHASE_STRIP = NO;
				CURRENT_PROJECT_VERSION = 1;
				DEBUG_INFORMATION_FORMAT = "dwarf-with-dsym";
				ENABLE_NS_ASSERTIONS = NO;
				ENABLE_STRICT_OBJC_MSGSEND = YES;
				GCC_C_LANGUAGE_STANDARD = gnu11;
				GCC_NO_COMMON_BLOCKS = YES;
				GCC_WARN_64_TO_32_BIT_CONVERSION = YES;
				GCC_WARN_ABOUT_RETURN_TYPE = YES_ERROR;
				GCC_WARN_UNDECLARED_SELECTOR = YES;
				GCC_WARN_UNINITIALIZED_AUTOS = YES_AGGRESSIVE;
				GCC_WARN_UNUSED_FUNCTION = YES;
				GCC_WARN_UNUSED_VARIABLE = YES;
				MACOSX_DEPLOYMENT_TARGET = 11.0;
				MTL_ENABLE_DEBUG_INFO = NO;
				MTL_FAST_MATH = YES;
				SDKROOT = macosx;
				SWIFT_COMPILATION_MODE = wholemodule;
				SWIFT_OPTIMIZATION_LEVEL = "-O";
				VERSIONING_SYSTEM = "apple-generic";
				VERSION_INFO_PREFIX = "";
			};
			name = Release;
		};
		985182DF26603AE4005A716E /* Debug */ = {
			isa = XCBuildConfiguration;
			buildSettings = {
				CLANG_ENABLE_MODULES = YES;
				CODE_SIGN_STYLE = Automatic;
				COMBINE_HIDPI_IMAGES = YES;
				DEFINES_MODULE = YES;
				DEVELOPMENT_TEAM = 5KY7PZ32R7;
				DYLIB_COMPATIBILITY_VERSION = 1;
				DYLIB_CURRENT_VERSION = 1;
				DYLIB_INSTALL_NAME_BASE = "@rpath";
				INFOPLIST_FILE = EssentialFeed/Info.plist;
				INSTALL_PATH = "$(LOCAL_LIBRARY_DIR)/Frameworks";
				LD_RUNPATH_SEARCH_PATHS = (
					"$(inherited)",
					"@executable_path/../Frameworks",
					"@loader_path/Frameworks",
				);
				PRODUCT_BUNDLE_IDENTIFIER = "com.developer-essential.EssentialFeed";
				PRODUCT_NAME = "$(TARGET_NAME:c99extidentifier)";
				SKIP_INSTALL = YES;
				SWIFT_OPTIMIZATION_LEVEL = "-Onone";
				SWIFT_VERSION = 5.0;
			};
			name = Debug;
		};
		985182E026603AE4005A716E /* Release */ = {
			isa = XCBuildConfiguration;
			buildSettings = {
				CLANG_ENABLE_MODULES = YES;
				CODE_SIGN_STYLE = Automatic;
				COMBINE_HIDPI_IMAGES = YES;
				DEFINES_MODULE = YES;
				DEVELOPMENT_TEAM = 5KY7PZ32R7;
				DYLIB_COMPATIBILITY_VERSION = 1;
				DYLIB_CURRENT_VERSION = 1;
				DYLIB_INSTALL_NAME_BASE = "@rpath";
				INFOPLIST_FILE = EssentialFeed/Info.plist;
				INSTALL_PATH = "$(LOCAL_LIBRARY_DIR)/Frameworks";
				LD_RUNPATH_SEARCH_PATHS = (
					"$(inherited)",
					"@executable_path/../Frameworks",
					"@loader_path/Frameworks",
				);
				PRODUCT_BUNDLE_IDENTIFIER = "com.developer-essential.EssentialFeed";
				PRODUCT_NAME = "$(TARGET_NAME:c99extidentifier)";
				SKIP_INSTALL = YES;
				SWIFT_VERSION = 5.0;
			};
			name = Release;
		};
		985182E226603AE4005A716E /* Debug */ = {
			isa = XCBuildConfiguration;
			buildSettings = {
				ALWAYS_EMBED_SWIFT_STANDARD_LIBRARIES = YES;
				CODE_SIGN_STYLE = Automatic;
				COMBINE_HIDPI_IMAGES = YES;
				DEVELOPMENT_TEAM = 5KY7PZ32R7;
				INFOPLIST_FILE = EssentialFeedTests/Info.plist;
				LD_RUNPATH_SEARCH_PATHS = (
					"$(inherited)",
					"@executable_path/../Frameworks",
					"@loader_path/../Frameworks",
				);
				PRODUCT_BUNDLE_IDENTIFIER = "com.developer-essential.EssentialFeedTests";
				PRODUCT_NAME = "$(TARGET_NAME)";
				SWIFT_VERSION = 5.0;
			};
			name = Debug;
		};
		985182E326603AE4005A716E /* Release */ = {
			isa = XCBuildConfiguration;
			buildSettings = {
				ALWAYS_EMBED_SWIFT_STANDARD_LIBRARIES = YES;
				CODE_SIGN_STYLE = Automatic;
				COMBINE_HIDPI_IMAGES = YES;
				DEVELOPMENT_TEAM = 5KY7PZ32R7;
				INFOPLIST_FILE = EssentialFeedTests/Info.plist;
				LD_RUNPATH_SEARCH_PATHS = (
					"$(inherited)",
					"@executable_path/../Frameworks",
					"@loader_path/../Frameworks",
				);
				PRODUCT_BUNDLE_IDENTIFIER = "com.developer-essential.EssentialFeedTests";
				PRODUCT_NAME = "$(TARGET_NAME)";
				SWIFT_VERSION = 5.0;
			};
			name = Release;
		};
/* End XCBuildConfiguration section */

/* Begin XCConfigurationList section */
		985182C426603AE3005A716E /* Build configuration list for PBXProject "EssentialFeed" */ = {
			isa = XCConfigurationList;
			buildConfigurations = (
				985182DC26603AE4005A716E /* Debug */,
				985182DD26603AE4005A716E /* Release */,
			);
			defaultConfigurationIsVisible = 0;
			defaultConfigurationName = Release;
		};
		985182DE26603AE4005A716E /* Build configuration list for PBXNativeTarget "EssentialFeed" */ = {
			isa = XCConfigurationList;
			buildConfigurations = (
				985182DF26603AE4005A716E /* Debug */,
				985182E026603AE4005A716E /* Release */,
			);
			defaultConfigurationIsVisible = 0;
			defaultConfigurationName = Release;
		};
		985182E126603AE4005A716E /* Build configuration list for PBXNativeTarget "EssentialFeedTests" */ = {
			isa = XCConfigurationList;
			buildConfigurations = (
				985182E226603AE4005A716E /* Debug */,
				985182E326603AE4005A716E /* Release */,
			);
			defaultConfigurationIsVisible = 0;
			defaultConfigurationName = Release;
		};
/* End XCConfigurationList section */
	};
	rootObject = 985182C126603AE3005A716E /* Project object */;
}
